
Microsoft Visual Studio Solution File, Format Version 12.00
# Visual Studio Version 17
VisualStudioVersion = 17.12.35527.113
MinimumVisualStudioVersion = 10.0.40219.1
Project("{FAE04EC0-301F-11D3-BF4B-00C04F79EFBC}") = "MomCare.API", "MomCare.API\MomCare.API.csproj", "{465FF0D5-50B2-41AE-82E4-7D5120F649C6}"
EndProject
Project("{FAE04EC0-301F-11D3-BF4B-00C04F79EFBC}") = "MomCare.Application", "MomCare.Application\MomCare.Application.csproj", "{8504329E-0859-4B61-B427-7689EC0A0536}"
EndProject
Project("{FAE04EC0-301F-11D3-BF4B-00C04F79EFBC}") = "MomCare.Domain", "MomCare.Domain\MomCare.Domain.csproj", "{70CDAD2F-CFD0-485C-9D90-FAF2FF64B5B5}"
EndProject
Project("{FAE04EC0-301F-11D3-BF4B-00C04F79EFBC}") = "MomCare.Infrastructure", "MomCare.Infrastructure\MomCare.Infrastructure.csproj", "{BF67DB2C-57CD-42B5-B451-BD968FC855EC}"
EndProject
Global
	GlobalSection(SolutionConfigurationPlatforms) = preSolution
		Debug|Any CPU = Debug|Any CPU
		Release|Any CPU = Release|Any CPU
	EndGlobalSection
	GlobalSection(ProjectConfigurationPlatforms) = postSolution
		{465FF0D5-50B2-41AE-82E4-7D5120F649C6}.Debug|Any CPU.ActiveCfg = Debug|Any CPU
		{465FF0D5-50B2-41AE-82E4-7D5120F649C6}.Debug|Any CPU.Build.0 = Debug|Any CPU
		{465FF0D5-50B2-41AE-82E4-7D5120F649C6}.Release|Any CPU.ActiveCfg = Release|Any CPU
		{465FF0D5-50B2-41AE-82E4-7D5120F649C6}.Release|Any CPU.Build.0 = Release|Any CPU
		{8504329E-0859-4B61-B427-7689EC0A0536}.Debug|Any CPU.ActiveCfg = Debug|Any CPU
		{8504329E-0859-4B61-B427-7689EC0A0536}.Debug|Any CPU.Build.0 = Debug|Any CPU
		{8504329E-0859-4B61-B427-7689EC0A0536}.Release|Any CPU.ActiveCfg = Release|Any CPU
		{8504329E-0859-4B61-B427-7689EC0A0536}.Release|Any CPU.Build.0 = Release|Any CPU
		{70CDAD2F-CFD0-485C-9D90-FAF2FF64B5B5}.Debug|Any CPU.ActiveCfg = Debug|Any CPU
		{70CDAD2F-CFD0-485C-9D90-FAF2FF64B5B5}.Debug|Any CPU.Build.0 = Debug|Any CPU
		{70CDAD2F-CFD0-485C-9D90-FAF2FF64B5B5}.Release|Any CPU.ActiveCfg = Release|Any CPU
		{70CDAD2F-CFD0-485C-9D90-FAF2FF64B5B5}.Release|Any CPU.Build.0 = Release|Any CPU
		{BF67DB2C-57CD-42B5-B451-BD968FC855EC}.Debug|Any CPU.ActiveCfg = Debug|Any CPU
		{BF67DB2C-57CD-42B5-B451-BD968FC855EC}.Debug|Any CPU.Build.0 = Debug|Any CPU
		{BF67DB2C-57CD-42B5-B451-BD968FC855EC}.Release|Any CPU.ActiveCfg = Release|Any CPU
		{BF67DB2C-57CD-42B5-B451-BD968FC855EC}.Release|Any CPU.Build.0 = Release|Any CPU
	EndGlobalSection
	GlobalSection(SolutionProperties) = preSolution
		HideSolutionNode = FALSE
	EndGlobalSection
EndGlobal
